// !$*UTF8*$!
{
	archiveVersion = 1;
	classes = {
	};
	objectVersion = 46;
	objects = {

/* Begin PBXBuildFile section */
		CC47618C1D4CA41E00475662 /* AppDelegate.swift in Sources */ = {isa = PBXBuildFile; fileRef = CC47618B1D4CA41E00475662 /* AppDelegate.swift */; };
		CC47618E1D4CA41E00475662 /* ViewController.swift in Sources */ = {isa = PBXBuildFile; fileRef = CC47618D1D4CA41E00475662 /* ViewController.swift */; };
		CC4761911D4CA41E00475662 /* Main.storyboard in Resources */ = {isa = PBXBuildFile; fileRef = CC47618F1D4CA41E00475662 /* Main.storyboard */; };
		CC4761931D4CA41E00475662 /* Assets.xcassets in Resources */ = {isa = PBXBuildFile; fileRef = CC4761921D4CA41E00475662 /* Assets.xcassets */; };
		CC4761961D4CA41E00475662 /* LaunchScreen.storyboard in Resources */ = {isa = PBXBuildFile; fileRef = CC4761941D4CA41E00475662 /* LaunchScreen.storyboard */; };
/* End PBXBuildFile section */

/* Begin PBXFileReference section */
		CC4761881D4CA41E00475662 /* Auto Layout in Code.app */ = {isa = PBXFileReference; explicitFileType = wrapper.application; includeInIndex = 0; path = "Auto Layout in Code.app"; sourceTree = BUILT_PRODUCTS_DIR; };
		CC47618B1D4CA41E00475662 /* AppDelegate.swift */ = {isa = PBXFileReference; lastKnownFileType = sourcecode.swift; path = AppDelegate.swift; sourceTree = "<group>"; };
		CC47618D1D4CA41E00475662 /* ViewController.swift */ = {isa = PBXFileReference; lastKnownFileType = sourcecode.swift; path = ViewController.swift; sourceTree = "<group>"; };
		CC4761901D4CA41E00475662 /* Base */ = {isa = PBXFileReference; lastKnownFileType = file.storyboard; name = Base; path = Base.lproj/Main.storyboard; sourceTree = "<group>"; };
		CC4761921D4CA41E00475662 /* Assets.xcassets */ = {isa = PBXFileReference; lastKnownFileType = folder.assetcatalog; path = Assets.xcassets; sourceTree = "<group>"; };
		CC4761951D4CA41E00475662 /* Base */ = {isa = PBXFileReference; lastKnownFileType = file.storyboard; name = Base; path = Base.lproj/LaunchScreen.storyboard; sourceTree = "<group>"; };
		CC4761971D4CA41E00475662 /* Info.plist */ = {isa = PBXFileReference; lastKnownFileType = text.plist.xml; path = Info.plist; sourceTree = "<group>"; };
/* End PBXFileReference section */

/* Begin PBXFrameworksBuildPhase section */
		CC4761851D4CA41E00475662 /* Frameworks */ = {
			isa = PBXFrameworksBuildPhase;
			buildActionMask = 2147483647;
			files = (
			);
			runOnlyForDeploymentPostprocessing = 0;
		};
/* End PBXFrameworksBuildPhase section */

/* Begin PBXGroup section */
		CC47617F1D4CA41E00475662 = {
			isa = PBXGroup;
			children = (
				CC47618A1D4CA41E00475662 /* Auto Layout in Code */,
				CC4761891D4CA41E00475662 /* Products */,
			);
			sourceTree = "<group>";
		};
		CC4761891D4CA41E00475662 /* Products */ = {
			isa = PBXGroup;
			children = (
				CC4761881D4CA41E00475662 /* Auto Layout in Code.app */,
			);
			name = Products;
			sourceTree = "<group>";
		};
		CC47618A1D4CA41E00475662 /* Auto Layout in Code */ = {
			isa = PBXGroup;
			children = (
				CC47618B1D4CA41E00475662 /* AppDelegate.swift */,
				CC47618D1D4CA41E00475662 /* ViewController.swift */,
				CC47618F1D4CA41E00475662 /* Main.storyboard */,
				CC4761921D4CA41E00475662 /* Assets.xcassets */,
				CC4761941D4CA41E00475662 /* LaunchScreen.storyboard */,
				CC4761971D4CA41E00475662 /* Info.plist */,
			);
			path = "Auto Layout in Code";
			sourceTree = "<group>";
		};
/* End PBXGroup section */

/* Begin PBXNativeTarget section */
		CC4761871D4CA41E00475662 /* Auto Layout in Code */ = {
			isa = PBXNativeTarget;
			buildConfigurationList = CC47619A1D4CA41E00475662 /* Build configuration list for PBXNativeTarget "Auto Layout in Code" */;
			buildPhases = (
				CC4761841D4CA41E00475662 /* Sources */,
				CC4761851D4CA41E00475662 /* Frameworks */,
				CC4761861D4CA41E00475662 /* Resources */,
			);
			buildRules = (
			);
			dependencies = (
			);
			name = "Auto Layout in Code";
			productName = "Auto Layout in Code";
			productReference = CC4761881D4CA41E00475662 /* Auto Layout in Code.app */;
			productType = "com.apple.product-type.application";
		};
/* End PBXNativeTarget section */

/* Begin PBXProject section */
		CC4761801D4CA41E00475662 /* Project object */ = {
			isa = PBXProject;
			attributes = {
				LastSwiftUpdateCheck = 0730;
				LastUpgradeCheck = 0730;
				ORGANIZATIONNAME = Cocoacasts;
				TargetAttributes = {
					CC4761871D4CA41E00475662 = {
						CreatedOnToolsVersion = 7.3.1;
					};
				};
			};
			buildConfigurationList = CC4761831D4CA41E00475662 /* Build configuration list for PBXProject "Auto Layout in Code" */;
			compatibilityVersion = "Xcode 3.2";
			developmentRegion = English;
			hasScannedForEncodings = 0;
			knownRegions = (
				en,
				Base,
			);
			mainGroup = CC47617F1D4CA41E00475662;
			productRefGroup = CC4761891D4CA41E00475662 /* Products */;
			projectDirPath = "";
			projectRoot = "";
			targets = (
				CC4761871D4CA41E00475662 /* Auto Layout in Code */,
			);
		};
/* End PBXProject section */

/* Begin PBXResourcesBuildPhase section */
		CC4761861D4CA41E00475662 /* Resources */ = {
			isa = PBXResourcesBuildPhase;
			buildActionMask = 2147483647;
			files = (
				CC4761961D4CA41E00475662 /* LaunchScreen.storyboard in Resources */,
				CC4761931D4CA41E00475662 /* Assets.xcassets in Resources */,
				CC4761911D4CA41E00475662 /* Main.storyboard in Resources */,
			);
			runOnlyForDeploymentPostprocessing = 0;
		};
/* End PBXResourcesBuildPhase section */

/* Begin PBXSourcesBuildPhase section */
		CC4761841D4CA41E00475662 /* Sources */ = {
			isa = PBXSourcesBuildPhase;
			buildActionMask = 2147483647;
			files = (
				CC47618E1D4CA41E00475662 /* ViewController.swift in Sources */,
				CC47618C1D4CA41E00475662 /* AppDelegate.swift in Sources */,
			);
			runOnlyForDeploymentPostprocessing = 0;
		};
/* End PBXSourcesBuildPhase section */

/* Begin PBXVariantGroup section */
		CC47618F1D4CA41E00475662 /* Main.storyboard */ = {
			isa = PBXVariantGroup;
			children = (
				CC4761901D4CA41E00475662 /* Base */,
			);
			name = Main.storyboard;
			sourceTree = "<group>";
		};
		CC4761941D4CA41E00475662 /* LaunchScreen.storyboard */ = {
			isa = PBXVariantGroup;
			children = (
				CC4761951D4CA41E00475662 /* Base */,
			);
			name = LaunchScreen.storyboard;
			sourceTree = "<group>";
		};
/* End PBXVariantGroup section */

/* Begin XCBuildConfiguration section */
		CC4761981D4CA41E00475662 /* Debug */ = {
			isa = XCBuildConfiguration;
			buildSettings = {
				ALWAYS_SEARCH_USER_PATHS = NO;
				CLANG_ANALYZER_NONNULL = YES;
				CLANG_CXX_LANGUAGE_STANDARD = "gnu++0x";
				CLANG_CXX_LIBRARY = "libc++";
				CLANG_ENABLE_MODULES = YES;
				CLANG_ENABLE_OBJC_ARC = YES;
				CLANG_WARN_BOOL_CONVERSION = YES;
				CLANG_WARN_CONSTANT_CONVERSION = YES;
				CLANG_WARN_DIRECT_OBJC_ISA_USAGE = YES_ERROR;
				CLANG_WARN_EMPTY_BODY = YES;
				CLANG_WARN_ENUM_CONVERSION = YES;
				CLANG_WARN_INT_CONVERSION = YES;
				CLANG_WARN_OBJC_ROOT_CLASS = YES_ERROR;
				CLANG_WARN_UNREACHABLE_CODE = YES;
				CLANG_WARN__DUPLICATE_METHOD_MATCH = YES;
				"CODE_SIGN_IDENTITY[sdk=iphoneos*]" = "iPhone Developer";
				COPY_PHASE_STRIP = NO;
				DEBUG_INFORMATION_FORMAT = dwarf;
				ENABLE_STRICT_OBJC_MSGSEND = YES;
				ENABLE_TESTABILITY = YES;
				GCC_C_LANGUAGE_STANDARD = gnu99;
				GCC_DYNAMIC_NO_PIC = NO;
				GCC_NO_COMMON_BLOCKS = YES;
				GCC_OPTIMIZATION_LEVEL = 0;
				GCC_PREPROCESSOR_DEFINITIONS = (
					"DEBUG=1",
					"$(inherited)",
				);
				GCC_WARN_64_TO_32_BIT_CONVERSION = YES;
				GCC_WARN_ABOUT_RETURN_TYPE = YES_ERROR;
				GCC_WARN_UNDECLARED_SELECTOR = YES;
				GCC_WARN_UNINITIALIZED_AUTOS = YES_AGGRESSIVE;
				GCC_WARN_UNUSED_FUNCTION = YES;
				GCC_WARN_UNUSED_VARIABLE = YES;
				IPHONEOS_DEPLOYMENT_TARGET = 9.3;
				MTL_ENABLE_DEBUG_INFO = YES;
				ONLY_ACTIVE_ARCH = YES;
				SDKROOT = iphoneos;
				SWIFT_OPTIMIZATION_LEVEL = "-Onone";
				TARGETED_DEVICE_FAMILY = "1,2";
			};
			name = Debug;
		};
		CC4761991D4CA41E00475662 /* Release */ = {
			isa = XCBuildConfiguration;
			buildSettings = {
				ALWAYS_SEARCH_USER_PATHS = NO;
				CLANG_ANALYZER_NONNULL = YES;
				CLANG_CXX_LANGUAGE_STANDARD = "gnu++0x";
				CLANG_CXX_LIBRARY = "libc++";
				CLANG_ENABLE_MODULES = YES;
				CLANG_ENABLE_OBJC_ARC = YES;
				CLANG_WARN_BOOL_CONVERSION = YES;
				CLANG_WARN_CONSTANT_CONVERSION = YES;
				CLANG_WARN_DIRECT_OBJC_ISA_USAGE = YES_ERROR;
				CLANG_WARN_EMPTY_BODY = YES;
				CLANG_WARN_ENUM_CONVERSION = YES;
				CLANG_WARN_INT_CONVERSION = YES;
				CLANG_WARN_OBJC_ROOT_CLASS = YES_ERROR;
				CLANG_WARN_UNREACHABLE_CODE = YES;
				CLANG_WARN__DUPLICATE_METHOD_MATCH = YES;
				"CODE_SIGN_IDENTITY[sdk=iphoneos*]" = "iPhone Developer";
				COPY_PHASE_STRIP = NO;
				DEBUG_INFORMATION_FORMAT = "dwarf-with-dsym";
				ENABLE_NS_ASSERTIONS = NO;
				ENABLE_STRICT_OBJC_MSGSEND = YES;
				GCC_C_LANGUAGE_STANDARD = gnu99;
				GCC_NO_COMMON_BLOCKS = YES;
				GCC_WARN_64_TO_32_BIT_CONVERSION = YES;
				GCC_WARN_ABOUT_RETURN_TYPE = YES_ERROR;
				GCC_WARN_UNDECLARED_SELECTOR = YES;
				GCC_WARN_UNINITIALIZED_AUTOS = YES_AGGRESSIVE;
				GCC_WARN_UNUSED_FUNCTION = YES;
				GCC_WARN_UNUSED_VARIABLE = YES;
				IPHONEOS_DEPLOYMENT_TARGET = 9.3;
				MTL_ENABLE_DEBUG_INFO = NO;
				SDKROOT = iphoneos;
				TARGETED_DEVICE_FAMILY = "1,2";
				VALIDATE_PRODUCT = YES;
			};
			name = Release;
		};
		CC47619B1D4CA41E00475662 /* Debug */ = {
			isa = XCBuildConfiguration;
			buildSettings = {
				ASSETCATALOG_COMPILER_APPICON_NAME = AppIcon;
				INFOPLIST_FILE = "Auto Layout in Code/Info.plist";
				LD_RUNPATH_SEARCH_PATHS = "$(inherited) @executable_path/Frameworks";
				PRODUCT_BUNDLE_IDENTIFIER = "com.cocoacasts.Auto-Layout-in-Code";
				PRODUCT_NAME = "$(TARGET_NAME)";
			};
			name = Debug;
		};
		CC47619C1D4CA41E00475662 /* Release */ = {
			isa = XCBuildConfiguration;
			buildSettings = {
				ASSETCATALOG_COMPILER_APPICON_NAME = AppIcon;
				INFOPLIST_FILE = "Auto Layout in Code/Info.plist";
				LD_RUNPATH_SEARCH_PATHS = "$(inherited) @executable_path/Frameworks";
				PRODUCT_BUNDLE_IDENTIFIER = "com.cocoacasts.Auto-Layout-in-Code";
				PRODUCT_NAME = "$(TARGET_NAME)";
			};
			name = Release;
		};
/* End XCBuildConfiguration section */

/* Begin XCConfigurationList section */
		CC4761831D4CA41E00475662 /* Build configuration list for PBXProject "Auto Layout in Code" */ = {
			isa = XCConfigurationList;
			buildConfigurations = (
				CC4761981D4CA41E00475662 /* Debug */,
				CC4761991D4CA41E00475662 /* Release */,
			);
			defaultConfigurationIsVisible = 0;
			defaultConfigurationName = Release;
		};
		CC47619A1D4CA41E00475662 /* Build configuration list for PBXNativeTarget "Auto Layout in Code" */ = {
			isa = XCConfigurationList;
			buildConfigurations = (
				CC47619B1D4CA41E00475662 /* Debug */,
				CC47619C1D4CA41E00475662 /* Release */,
			);
			defaultConfigurationIsVisible = 0;
		};
/* End XCConfigurationList section */
	};
	rootObject = CC4761801D4CA41E00475662 /* Project object */;
}
